
Microsoft Visual Studio Solution File, Format Version 12.00
# Visual Studio Version 17
VisualStudioVersion = 17.9.34622.214
MinimumVisualStudioVersion = 10.0.40219.1
Project("{FAE04EC0-301F-11D3-BF4B-00C04F79EFBC}") = "DataAccess", "DataAccess\DataAccess.csproj", "{5A8DEE59-986D-4D32-A678-F7C902185FEE}"
EndProject
Project("{FAE04EC0-301F-11D3-BF4B-00C04F79EFBC}") = "PresentationLayer", "PresentationLayer\PresentationLayer.csproj", "{3DA1C975-FECB-4212-AE6F-5791A347E1F9}"
EndProject
Global
	GlobalSection(SolutionConfigurationPlatforms) = preSolution
		Debug|Any CPU = Debug|Any CPU
		Release|Any CPU = Release|Any CPU
	EndGlobalSection
	GlobalSection(ProjectConfigurationPlatforms) = postSolution
		{5A8DEE59-986D-4D32-A678-F7C902185FEE}.Debug|Any CPU.ActiveCfg = Debug|Any CPU
		{5A8DEE59-986D-4D32-A678-F7C902185FEE}.Debug|Any CPU.Build.0 = Debug|Any CPU
		{5A8DEE59-986D-4D32-A678-F7C902185FEE}.Release|Any CPU.ActiveCfg = Release|Any CPU
		{5A8DEE59-986D-4D32-A678-F7C902185FEE}.Release|Any CPU.Build.0 = Release|Any CPU
		{3DA1C975-FECB-4212-AE6F-5791A347E1F9}.Debug|Any CPU.ActiveCfg = Debug|Any CPU
		{3DA1C975-FECB-4212-AE6F-5791A347E1F9}.Debug|Any CPU.Build.0 = Debug|Any CPU
		{3DA1C975-FECB-4212-AE6F-5791A347E1F9}.Release|Any CPU.ActiveCfg = Release|Any CPU
		{3DA1C975-FECB-4212-AE6F-5791A347E1F9}.Release|Any CPU.Build.0 = Release|Any CPU
	EndGlobalSection
	GlobalSection(SolutionProperties) = preSolution
		HideSolutionNode = FALSE
	EndGlobalSection
	GlobalSection(ExtensibilityGlobals) = postSolution
		SolutionGuid = {612A965C-8647-4661-8DFB-74022EDD836F}
	EndGlobalSection
EndGlobal
